
Microsoft Visual Studio Solution File, Format Version 12.00
# Visual Studio Version 17
VisualStudioVersion = 17.8.34322.80
MinimumVisualStudioVersion = 10.0.40219.1
Project("{FAE04EC0-301F-11D3-BF4B-00C04F79EFBC}") = "4.Data_Types", "4.Data_Types.csproj", "{D7C2D46B-F524-44A7-BC03-9402A180E493}"
EndProject
Global
	GlobalSection(SolutionConfigurationPlatforms) = preSolution
		Debug|Any CPU = Debug|Any CPU
		Release|Any CPU = Release|Any CPU
	EndGlobalSection
	GlobalSection(ProjectConfigurationPlatforms) = postSolution
		{D7C2D46B-F524-44A7-BC03-9402A180E493}.Debug|Any CPU.ActiveCfg = Debug|Any CPU
		{D7C2D46B-F524-44A7-BC03-9402A180E493}.Debug|Any CPU.Build.0 = Debug|Any CPU
		{D7C2D46B-F524-44A7-BC03-9402A180E493}.Release|Any CPU.ActiveCfg = Release|Any CPU
		{D7C2D46B-F524-44A7-BC03-9402A180E493}.Release|Any CPU.Build.0 = Release|Any CPU
	EndGlobalSection
	GlobalSection(SolutionProperties) = preSolution
		HideSolutionNode = FALSE
	EndGlobalSection
	GlobalSection(ExtensibilityGlobals) = postSolution
		SolutionGuid = {B99064D3-ED4D-421E-8DDB-6ADCFBFAAAC9}
	EndGlobalSection
EndGlobal
